
Microsoft Visual Studio Solution File, Format Version 12.00
# Visual Studio Version 17
VisualStudioVersion = 17.5.33516.290
MinimumVisualStudioVersion = 10.0.40219.1
Project("{2150E333-8FDC-42A3-9474-1A3956D46DE8}") = "Solution Items", "Solution Items", "{A65351D0-E5DD-4E4A-8C5D-C4850F18483F}"
	ProjectSection(SolutionItems) = preProject
		.editorconfig = .editorconfig
	EndProjectSection
EndProject
Project("{9A19103F-16F7-4668-BE54-9A1E7A4F7556}") = "Logic", "Logic\Logic.csproj", "{6C736C23-943F-40C7-8E14-CC8C260B9341}"
EndProject
Project("{9A19103F-16F7-4668-BE54-9A1E7A4F7556}") = "Net", "Net\Net.csproj", "{1EBC0581-9A89-4B32-BF9D-DC7D3A6775CC}"
EndProject
Project("{9A19103F-16F7-4668-BE54-9A1E7A4F7556}") = "Domain", "Domain\Domain.csproj", "{64956FA3-BAF5-46E4-A4B7-9EB94B134153}"
EndProject
Project("{9A19103F-16F7-4668-BE54-9A1E7A4F7556}") = "Utils", "Utils\Utils.csproj", "{A716DCB1-F3A6-4962-83B4-18674BA49E89}"
EndProject
Project("{9A19103F-16F7-4668-BE54-9A1E7A4F7556}") = "Basic", "Basic\Basic.csproj", "{909BA3FB-0202-48FB-B4CC-5E066D179A91}"
EndProject
Project("{9A19103F-16F7-4668-BE54-9A1E7A4F7556}") = "Daemon", "Daemon\Daemon.csproj", "{B8C3A4D2-7E6F-4A91-9B2C-3D5E8F9A1C7B}"
EndProject
Project("{9A19103F-16F7-4668-BE54-9A1E7A4F7556}") = "Start", "Start.csproj", "{C9D4E5F6-8A7B-4C3D-9E2F-1A3B5C7D9E0F}"
EndProject
Global
	GlobalSection(SolutionConfigurationPlatforms) = preSolution
		Debug|Any CPU = Debug|Any CPU
		Release|Any CPU = Release|Any CPU
	EndGlobalSection
	GlobalSection(ProjectConfigurationPlatforms) = postSolution
		{6C736C23-943F-40C7-8E14-CC8C260B9341}.Debug|Any CPU.ActiveCfg = Debug|Any CPU
		{6C736C23-943F-40C7-8E14-CC8C260B9341}.Debug|Any CPU.Build.0 = Debug|Any CPU
		{6C736C23-943F-40C7-8E14-CC8C260B9341}.Release|Any CPU.ActiveCfg = Release|Any CPU
		{6C736C23-943F-40C7-8E14-CC8C260B9341}.Release|Any CPU.Build.0 = Release|Any CPU
		{1EBC0581-9A89-4B32-BF9D-DC7D3A6775CC}.Debug|Any CPU.ActiveCfg = Debug|Any CPU
		{1EBC0581-9A89-4B32-BF9D-DC7D3A6775CC}.Debug|Any CPU.Build.0 = Debug|Any CPU
		{1EBC0581-9A89-4B32-BF9D-DC7D3A6775CC}.Release|Any CPU.ActiveCfg = Release|Any CPU
		{1EBC0581-9A89-4B32-BF9D-DC7D3A6775CC}.Release|Any CPU.Build.0 = Release|Any CPU
		{64956FA3-BAF5-46E4-A4B7-9EB94B134153}.Debug|Any CPU.ActiveCfg = Debug|Any CPU
		{64956FA3-BAF5-46E4-A4B7-9EB94B134153}.Debug|Any CPU.Build.0 = Debug|Any CPU
		{64956FA3-BAF5-46E4-A4B7-9EB94B134153}.Release|Any CPU.ActiveCfg = Release|Any CPU
		{64956FA3-BAF5-46E4-A4B7-9EB94B134153}.Release|Any CPU.Build.0 = Release|Any CPU
		{A716DCB1-F3A6-4962-83B4-18674BA49E89}.Debug|Any CPU.ActiveCfg = Debug|Any CPU
		{A716DCB1-F3A6-4962-83B4-18674BA49E89}.Debug|Any CPU.Build.0 = Debug|Any CPU
		{A716DCB1-F3A6-4962-83B4-18674BA49E89}.Release|Any CPU.ActiveCfg = Release|Any CPU
		{A716DCB1-F3A6-4962-83B4-18674BA49E89}.Release|Any CPU.Build.0 = Release|Any CPU
		{909BA3FB-0202-48FB-B4CC-5E066D179A91}.Debug|Any CPU.ActiveCfg = Debug|Any CPU
		{909BA3FB-0202-48FB-B4CC-5E066D179A91}.Debug|Any CPU.Build.0 = Debug|Any CPU
		{909BA3FB-0202-48FB-B4CC-5E066D179A91}.Release|Any CPU.ActiveCfg = Release|Any CPU
		{909BA3FB-0202-48FB-B4CC-5E066D179A91}.Release|Any CPU.Build.0 = Release|Any CPU
		{B8C3A4D2-7E6F-4A91-9B2C-3D5E8F9A1C7B}.Debug|Any CPU.ActiveCfg = Debug|Any CPU
		{B8C3A4D2-7E6F-4A91-9B2C-3D5E8F9A1C7B}.Debug|Any CPU.Build.0 = Debug|Any CPU
		{B8C3A4D2-7E6F-4A91-9B2C-3D5E8F9A1C7B}.Release|Any CPU.ActiveCfg = Release|Any CPU
		{B8C3A4D2-7E6F-4A91-9B2C-3D5E8F9A1C7B}.Release|Any CPU.Build.0 = Release|Any CPU
		{C9D4E5F6-8A7B-4C3D-9E2F-1A3B5C7D9E0F}.Debug|Any CPU.ActiveCfg = Debug|Any CPU
		{C9D4E5F6-8A7B-4C3D-9E2F-1A3B5C7D9E0F}.Debug|Any CPU.Build.0 = Debug|Any CPU
		{C9D4E5F6-8A7B-4C3D-9E2F-1A3B5C7D9E0F}.Release|Any CPU.ActiveCfg = Release|Any CPU
		{C9D4E5F6-8A7B-4C3D-9E2F-1A3B5C7D9E0F}.Release|Any CPU.Build.0 = Release|Any CPU
	EndGlobalSection
	GlobalSection(SolutionProperties) = preSolution
		HideSolutionNode = FALSE
	EndGlobalSection
	GlobalSection(ExtensibilityGlobals) = postSolution
		SolutionGuid = {2515403D-6276-4936-9DE3-272271A3B220}
	EndGlobalSection
EndGlobal
